Microsoft Visual Studio Solution File, Format Version 12.00
# Visual Studio Version 17
VisualStudioVersion = 17.5.2.0
MinimumVisualStudioVersion = 10.0.40219.1
Project("{FAE04EC0-301F-11D3-BF4B-00C04F79EFBC}") = "monitor", "monitor.csproj", "{AB85C424-9D33-4C58-55B7-3E7AFD8801D3}"
EndProject
Global
	GlobalSection(SolutionConfigurationPlatforms) = preSolution
		Debug|Any CPU = Debug|Any CPU
		Release|Any CPU = Release|Any CPU
	EndGlobalSection
	GlobalSection(ProjectConfigurationPlatforms) = postSolution
		{AB85C424-9D33-4C58-55B7-3E7AFD8801D3}.Debug|Any CPU.ActiveCfg = Debug|Any CPU
		{AB85C424-9D33-4C58-55B7-3E7AFD8801D3}.Debug|Any CPU.Build.0 = Debug|Any CPU
		{AB85C424-9D33-4C58-55B7-3E7AFD8801D3}.Release|Any CPU.ActiveCfg = Release|Any CPU
		{AB85C424-9D33-4C58-55B7-3E7AFD8801D3}.Release|Any CPU.Build.0 = Release|Any CPU
	EndGlobalSection
	GlobalSection(SolutionProperties) = preSolution
		HideSolutionNode = FALSE
	EndGlobalSection
	GlobalSection(ExtensibilityGlobals) = postSolution
		SolutionGuid = {DAF568C8-616E-42DE-8850-32703D5538C7}
	EndGlobalSection
EndGlobal
